
Microsoft Visual Studio Solution File, Format Version 12.00
# Visual Studio Version 16
VisualStudioVersion = 16.0.29409.12
MinimumVisualStudioVersion = 10.0.40219.1
Project("{FAE04EC0-301F-11D3-BF4B-00C04F79EFBC}") = "RectangleApp", "RectangleApp.csproj", "{DF2722EB-CF33-4138-9963-C7131CE1C9BB}"
EndProject
Project("{FAE04EC0-301F-11D3-BF4B-00C04F79EFBC}") = "HelloWorld", "..\HelloWorld\HelloWorld.csproj", "{38B14ABE-B35E-42B6-A255-F5EC49867624}"
EndProject
Global
	GlobalSection(SolutionConfigurationPlatforms) = preSolution
		Debug|Any CPU = Debug|Any CPU
		Release|Any CPU = Release|Any CPU
	EndGlobalSection
	GlobalSection(ProjectConfigurationPlatforms) = postSolution
		{DF2722EB-CF33-4138-9963-C7131CE1C9BB}.Debug|Any CPU.ActiveCfg = Debug|Any CPU
		{DF2722EB-CF33-4138-9963-C7131CE1C9BB}.Debug|Any CPU.Build.0 = Debug|Any CPU
		{DF2722EB-CF33-4138-9963-C7131CE1C9BB}.Release|Any CPU.ActiveCfg = Release|Any CPU
		{DF2722EB-CF33-4138-9963-C7131CE1C9BB}.Release|Any CPU.Build.0 = Release|Any CPU
		{38B14ABE-B35E-42B6-A255-F5EC49867624}.Debug|Any CPU.ActiveCfg = Debug|Any CPU
		{38B14ABE-B35E-42B6-A255-F5EC49867624}.Debug|Any CPU.Build.0 = Debug|Any CPU
		{38B14ABE-B35E-42B6-A255-F5EC49867624}.Release|Any CPU.ActiveCfg = Release|Any CPU
		{38B14ABE-B35E-42B6-A255-F5EC49867624}.Release|Any CPU.Build.0 = Release|Any CPU
	EndGlobalSection
	GlobalSection(SolutionProperties) = preSolution
		HideSolutionNode = FALSE
	EndGlobalSection
	GlobalSection(ExtensibilityGlobals) = postSolution
		SolutionGuid = {C2B043C5-51F5-494B-BFC3-86F144049C21}
	EndGlobalSection
EndGlobal
