
Microsoft Visual Studio Solution File, Format Version 12.00
# Visual Studio 15
VisualStudioVersion = 15.0.27428.2015
MinimumVisualStudioVersion = 10.0.40219.1
Project("{FAE04EC0-301F-11D3-BF4B-00C04F79EFBC}") = "OrderSystem", "OrderSystem.csproj", "{67D38F16-B2F2-4F67-A068-D2A7A2E3C65F}"
EndProject
Global
	GlobalSection(SolutionConfigurationPlatforms) = preSolution
		Debug|Any CPU = Debug|Any CPU
		Release|Any CPU = Release|Any CPU
	EndGlobalSection
	GlobalSection(ProjectConfigurationPlatforms) = postSolution
		{67D38F16-B2F2-4F67-A068-D2A7A2E3C65F}.Debug|Any CPU.ActiveCfg = Debug|Any CPU
		{67D38F16-B2F2-4F67-A068-D2A7A2E3C65F}.Debug|Any CPU.Build.0 = Debug|Any CPU
		{67D38F16-B2F2-4F67-A068-D2A7A2E3C65F}.Release|Any CPU.ActiveCfg = Release|Any CPU
		{67D38F16-B2F2-4F67-A068-D2A7A2E3C65F}.Release|Any CPU.Build.0 = Release|Any CPU
	EndGlobalSection
	GlobalSection(SolutionProperties) = preSolution
		HideSolutionNode = FALSE
	EndGlobalSection
	GlobalSection(ExtensibilityGlobals) = postSolution
		SolutionGuid = {7B6A36CB-0B71-47A0-AEA7-FE87974E995D}
	EndGlobalSection
EndGlobal
