
Microsoft Visual Studio Solution File, Format Version 12.00
# Visual Studio Version 16
VisualStudioVersion = 16.0.29409.12
MinimumVisualStudioVersion = 10.0.40219.1
Project("{FAE04EC0-301F-11D3-BF4B-00C04F79EFBC}") = "ParametersExample", "ParametersExample.csproj", "{7447812C-5C99-43CD-A7B0-64CFCF13CAA8}"
EndProject
Project("{FAE04EC0-301F-11D3-BF4B-00C04F79EFBC}") = "RefExample", "..\RefExample\RefExample.csproj", "{AC0D7EC3-5BC5-48D7-ACD7-AF5E81C14F88}"
EndProject
Project("{FAE04EC0-301F-11D3-BF4B-00C04F79EFBC}") = "OutParameters", "..\OutParameters\OutParameters.csproj", "{70D2C987-2A45-44B2-AF36-6DA0090780BF}"
EndProject
Project("{FAE04EC0-301F-11D3-BF4B-00C04F79EFBC}") = "ParamsParameters", "..\ParamsParameters\ParamsParameters.csproj", "{43D57ADB-EA95-49BF-9845-5A5FB01B0DBB}"
EndProject
Project("{FAE04EC0-301F-11D3-BF4B-00C04F79EFBC}") = "ThisParameters", "..\ThisParameters\ThisParameters.csproj", "{D436215A-DC98-46B1-AC31-8E4961543E69}"
EndProject
Global
	GlobalSection(SolutionConfigurationPlatforms) = preSolution
		Debug|Any CPU = Debug|Any CPU
		Release|Any CPU = Release|Any CPU
	EndGlobalSection
	GlobalSection(ProjectConfigurationPlatforms) = postSolution
		{7447812C-5C99-43CD-A7B0-64CFCF13CAA8}.Debug|Any CPU.ActiveCfg = Debug|Any CPU
		{7447812C-5C99-43CD-A7B0-64CFCF13CAA8}.Debug|Any CPU.Build.0 = Debug|Any CPU
		{7447812C-5C99-43CD-A7B0-64CFCF13CAA8}.Release|Any CPU.ActiveCfg = Release|Any CPU
		{7447812C-5C99-43CD-A7B0-64CFCF13CAA8}.Release|Any CPU.Build.0 = Release|Any CPU
		{AC0D7EC3-5BC5-48D7-ACD7-AF5E81C14F88}.Debug|Any CPU.ActiveCfg = Debug|Any CPU
		{AC0D7EC3-5BC5-48D7-ACD7-AF5E81C14F88}.Debug|Any CPU.Build.0 = Debug|Any CPU
		{AC0D7EC3-5BC5-48D7-ACD7-AF5E81C14F88}.Release|Any CPU.ActiveCfg = Release|Any CPU
		{AC0D7EC3-5BC5-48D7-ACD7-AF5E81C14F88}.Release|Any CPU.Build.0 = Release|Any CPU
		{70D2C987-2A45-44B2-AF36-6DA0090780BF}.Debug|Any CPU.ActiveCfg = Debug|Any CPU
		{70D2C987-2A45-44B2-AF36-6DA0090780BF}.Debug|Any CPU.Build.0 = Debug|Any CPU
		{70D2C987-2A45-44B2-AF36-6DA0090780BF}.Release|Any CPU.ActiveCfg = Release|Any CPU
		{70D2C987-2A45-44B2-AF36-6DA0090780BF}.Release|Any CPU.Build.0 = Release|Any CPU
		{43D57ADB-EA95-49BF-9845-5A5FB01B0DBB}.Debug|Any CPU.ActiveCfg = Debug|Any CPU
		{43D57ADB-EA95-49BF-9845-5A5FB01B0DBB}.Debug|Any CPU.Build.0 = Debug|Any CPU
		{43D57ADB-EA95-49BF-9845-5A5FB01B0DBB}.Release|Any CPU.ActiveCfg = Release|Any CPU
		{43D57ADB-EA95-49BF-9845-5A5FB01B0DBB}.Release|Any CPU.Build.0 = Release|Any CPU
		{D436215A-DC98-46B1-AC31-8E4961543E69}.Debug|Any CPU.ActiveCfg = Debug|Any CPU
		{D436215A-DC98-46B1-AC31-8E4961543E69}.Debug|Any CPU.Build.0 = Debug|Any CPU
		{D436215A-DC98-46B1-AC31-8E4961543E69}.Release|Any CPU.ActiveCfg = Release|Any CPU
		{D436215A-DC98-46B1-AC31-8E4961543E69}.Release|Any CPU.Build.0 = Release|Any CPU
	EndGlobalSection
	GlobalSection(SolutionProperties) = preSolution
		HideSolutionNode = FALSE
	EndGlobalSection
	GlobalSection(ExtensibilityGlobals) = postSolution
		SolutionGuid = {A7926FAE-0C88-465C-92EF-1A8F65B2644D}
	EndGlobalSection
EndGlobal
