
Microsoft Visual Studio Solution File, Format Version 12.00
# Visual Studio Version 16
VisualStudioVersion = 16.0.29409.12
MinimumVisualStudioVersion = 10.0.40219.1
Project("{FAE04EC0-301F-11D3-BF4B-00C04F79EFBC}") = "StrongTyped", "StrongTyped.csproj", "{20E3C969-CE85-4A06-891A-F02769A7FA91}"
EndProject
Project("{FAE04EC0-301F-11D3-BF4B-00C04F79EFBC}") = "StackOverflow", "..\StackOverflow\StackOverflow.csproj", "{A94E02A4-305D-4F6F-B80D-EF8A78D04C26}"
EndProject
Project("{FAE04EC0-301F-11D3-BF4B-00C04F79EFBC}") = "HeapSample", "..\HeapSample\HeapSample.csproj", "{29492FEA-462B-446E-B8C1-C7B4107A6B47}"
EndProject
Project("{FAE04EC0-301F-11D3-BF4B-00C04F79EFBC}") = "TypeInCSharp", "..\TypeInCSharp\TypeInCSharp.csproj", "{583146EF-C021-4772-BA0C-6DD00D11AF47}"
EndProject
Project("{FAE04EC0-301F-11D3-BF4B-00C04F79EFBC}") = "CSharpFunc", "..\CSharpFunc\CSharpFunc.csproj", "{D066A585-48E6-4584-B72A-AA749F31CCAB}"
EndProject
Project("{FAE04EC0-301F-11D3-BF4B-00C04F79EFBC}") = "ConstructorEample", "..\ConstructorEample\ConstructorEample.csproj", "{3791CF2B-C22E-4712-B6A2-24D3E099A981}"
EndProject
Project("{FAE04EC0-301F-11D3-BF4B-00C04F79EFBC}") = "OverloadEample", "..\OverloadEample\OverloadEample.csproj", "{5A267172-77D5-461D-ABE1-E2BD33AB1AB4}"
EndProject
Global
	GlobalSection(SolutionConfigurationPlatforms) = preSolution
		Debug|Any CPU = Debug|Any CPU
		Release|Any CPU = Release|Any CPU
	EndGlobalSection
	GlobalSection(ProjectConfigurationPlatforms) = postSolution
		{20E3C969-CE85-4A06-891A-F02769A7FA91}.Debug|Any CPU.ActiveCfg = Debug|Any CPU
		{20E3C969-CE85-4A06-891A-F02769A7FA91}.Debug|Any CPU.Build.0 = Debug|Any CPU
		{20E3C969-CE85-4A06-891A-F02769A7FA91}.Release|Any CPU.ActiveCfg = Release|Any CPU
		{20E3C969-CE85-4A06-891A-F02769A7FA91}.Release|Any CPU.Build.0 = Release|Any CPU
		{A94E02A4-305D-4F6F-B80D-EF8A78D04C26}.Debug|Any CPU.ActiveCfg = Debug|Any CPU
		{A94E02A4-305D-4F6F-B80D-EF8A78D04C26}.Debug|Any CPU.Build.0 = Debug|Any CPU
		{A94E02A4-305D-4F6F-B80D-EF8A78D04C26}.Release|Any CPU.ActiveCfg = Release|Any CPU
		{A94E02A4-305D-4F6F-B80D-EF8A78D04C26}.Release|Any CPU.Build.0 = Release|Any CPU
		{29492FEA-462B-446E-B8C1-C7B4107A6B47}.Debug|Any CPU.ActiveCfg = Debug|Any CPU
		{29492FEA-462B-446E-B8C1-C7B4107A6B47}.Debug|Any CPU.Build.0 = Debug|Any CPU
		{29492FEA-462B-446E-B8C1-C7B4107A6B47}.Release|Any CPU.ActiveCfg = Release|Any CPU
		{29492FEA-462B-446E-B8C1-C7B4107A6B47}.Release|Any CPU.Build.0 = Release|Any CPU
		{583146EF-C021-4772-BA0C-6DD00D11AF47}.Debug|Any CPU.ActiveCfg = Debug|Any CPU
		{583146EF-C021-4772-BA0C-6DD00D11AF47}.Debug|Any CPU.Build.0 = Debug|Any CPU
		{583146EF-C021-4772-BA0C-6DD00D11AF47}.Release|Any CPU.ActiveCfg = Release|Any CPU
		{583146EF-C021-4772-BA0C-6DD00D11AF47}.Release|Any CPU.Build.0 = Release|Any CPU
		{D066A585-48E6-4584-B72A-AA749F31CCAB}.Debug|Any CPU.ActiveCfg = Debug|Any CPU
		{D066A585-48E6-4584-B72A-AA749F31CCAB}.Debug|Any CPU.Build.0 = Debug|Any CPU
		{D066A585-48E6-4584-B72A-AA749F31CCAB}.Release|Any CPU.ActiveCfg = Release|Any CPU
		{D066A585-48E6-4584-B72A-AA749F31CCAB}.Release|Any CPU.Build.0 = Release|Any CPU
		{3791CF2B-C22E-4712-B6A2-24D3E099A981}.Debug|Any CPU.ActiveCfg = Debug|Any CPU
		{3791CF2B-C22E-4712-B6A2-24D3E099A981}.Debug|Any CPU.Build.0 = Debug|Any CPU
		{3791CF2B-C22E-4712-B6A2-24D3E099A981}.Release|Any CPU.ActiveCfg = Release|Any CPU
		{3791CF2B-C22E-4712-B6A2-24D3E099A981}.Release|Any CPU.Build.0 = Release|Any CPU
		{5A267172-77D5-461D-ABE1-E2BD33AB1AB4}.Debug|Any CPU.ActiveCfg = Debug|Any CPU
		{5A267172-77D5-461D-ABE1-E2BD33AB1AB4}.Debug|Any CPU.Build.0 = Debug|Any CPU
		{5A267172-77D5-461D-ABE1-E2BD33AB1AB4}.Release|Any CPU.ActiveCfg = Release|Any CPU
		{5A267172-77D5-461D-ABE1-E2BD33AB1AB4}.Release|Any CPU.Build.0 = Release|Any CPU
	EndGlobalSection
	GlobalSection(SolutionProperties) = preSolution
		HideSolutionNode = FALSE
	EndGlobalSection
	GlobalSection(ExtensibilityGlobals) = postSolution
		SolutionGuid = {4BB563C2-FED5-4810-9DAD-D63764E5D238}
	EndGlobalSection
EndGlobal
