
Microsoft Visual Studio Solution File, Format Version 12.00
# Visual Studio Version 16
VisualStudioVersion = 16.0.32106.194
MinimumVisualStudioVersion = 10.0.40219.1
Project("{FAE04EC0-301F-11D3-BF4B-00C04F79EFBC}") = "FileAndEncode", "FileAndEncode\FileAndEncode.csproj", "{B9D4E580-CE13-4DB3-8C8D-121E7F6BC22D}"
EndProject
Global
	GlobalSection(SolutionConfigurationPlatforms) = preSolution
		Debug|Any CPU = Debug|Any CPU
		Release|Any CPU = Release|Any CPU
	EndGlobalSection
	GlobalSection(ProjectConfigurationPlatforms) = postSolution
		{B9D4E580-CE13-4DB3-8C8D-121E7F6BC22D}.Debug|Any CPU.ActiveCfg = Debug|Any CPU
		{B9D4E580-CE13-4DB3-8C8D-121E7F6BC22D}.Debug|Any CPU.Build.0 = Debug|Any CPU
		{B9D4E580-CE13-4DB3-8C8D-121E7F6BC22D}.Release|Any CPU.ActiveCfg = Release|Any CPU
		{B9D4E580-CE13-4DB3-8C8D-121E7F6BC22D}.Release|Any CPU.Build.0 = Release|Any CPU
	EndGlobalSection
	GlobalSection(SolutionProperties) = preSolution
		HideSolutionNode = FALSE
	EndGlobalSection
	GlobalSection(ExtensibilityGlobals) = postSolution
		SolutionGuid = {9531EA70-2337-439C-87E6-4821CBD81B9E}
	EndGlobalSection
EndGlobal
