
Microsoft Visual Studio Solution File, Format Version 12.00
# Visual Studio Version 16
VisualStudioVersion = 16.0.32002.261
MinimumVisualStudioVersion = 10.0.40219.1
Project("{FAE04EC0-301F-11D3-BF4B-00C04F79EFBC}") = "Reflection", "Reflection\Reflection.csproj", "{F18DE074-12CB-469B-97B8-F63960B32645}"
EndProject
Global
	GlobalSection(SolutionConfigurationPlatforms) = preSolution
		Debug|Any CPU = Debug|Any CPU
		Release|Any CPU = Release|Any CPU
	EndGlobalSection
	GlobalSection(ProjectConfigurationPlatforms) = postSolution
		{F18DE074-12CB-469B-97B8-F63960B32645}.Debug|Any CPU.ActiveCfg = Debug|Any CPU
		{F18DE074-12CB-469B-97B8-F63960B32645}.Debug|Any CPU.Build.0 = Debug|Any CPU
		{F18DE074-12CB-469B-97B8-F63960B32645}.Release|Any CPU.ActiveCfg = Release|Any CPU
		{F18DE074-12CB-469B-97B8-F63960B32645}.Release|Any CPU.Build.0 = Release|Any CPU
	EndGlobalSection
	GlobalSection(SolutionProperties) = preSolution
		HideSolutionNode = FALSE
	EndGlobalSection
	GlobalSection(ExtensibilityGlobals) = postSolution
		SolutionGuid = {715EEA71-D5F0-4121-A786-E781CB5731ED}
	EndGlobalSection
EndGlobal
