
Microsoft Visual Studio Solution File, Format Version 12.00
# Visual Studio Version 16
VisualStudioVersion = 16.0.29409.12
MinimumVisualStudioVersion = 10.0.40219.1
Project("{9A19103F-16F7-4668-BE54-9A1E7A4F7556}") = "AsyncProgram", "AsyncProgram.csproj", "{C75C12FB-DCFF-4A74-933A-6AA1B054D0F1}"
EndProject
Global
	GlobalSection(SolutionConfigurationPlatforms) = preSolution
		Debug|Any CPU = Debug|Any CPU
		Release|Any CPU = Release|Any CPU
	EndGlobalSection
	GlobalSection(ProjectConfigurationPlatforms) = postSolution
		{C75C12FB-DCFF-4A74-933A-6AA1B054D0F1}.Debug|Any CPU.ActiveCfg = Debug|Any CPU
		{C75C12FB-DCFF-4A74-933A-6AA1B054D0F1}.Debug|Any CPU.Build.0 = Debug|Any CPU
		{C75C12FB-DCFF-4A74-933A-6AA1B054D0F1}.Release|Any CPU.ActiveCfg = Release|Any CPU
		{C75C12FB-DCFF-4A74-933A-6AA1B054D0F1}.Release|Any CPU.Build.0 = Release|Any CPU
	EndGlobalSection
	GlobalSection(SolutionProperties) = preSolution
		HideSolutionNode = FALSE
	EndGlobalSection
	GlobalSection(ExtensibilityGlobals) = postSolution
		SolutionGuid = {30765B0C-54E4-4F26-8E08-37958DC846EE}
	EndGlobalSection
EndGlobal
