
Microsoft Visual Studio Solution File, Format Version 12.00
# Visual Studio Version 17
VisualStudioVersion = 17.2.32516.85
MinimumVisualStudioVersion = 10.0.40219.1
Project("{FAE04EC0-301F-11D3-BF4B-00C04F79EFBC}") = "MyElsaServer", "MyElsaServer\MyElsaServer.csproj", "{C2D17EEB-4AFF-4F8A-8AD4-935A492BE276}"
EndProject
Project("{FAE04EC0-301F-11D3-BF4B-00C04F79EFBC}") = "MyElsaDashboard", "MyElsaDashboard\MyElsaDashboard.csproj", "{698D581D-9165-4DAF-8357-9249E585B83B}"
EndProject
Global
	GlobalSection(SolutionConfigurationPlatforms) = preSolution
		Debug|Any CPU = Debug|Any CPU
		Release|Any CPU = Release|Any CPU
	EndGlobalSection
	GlobalSection(ProjectConfigurationPlatforms) = postSolution
		{C2D17EEB-4AFF-4F8A-8AD4-935A492BE276}.Debug|Any CPU.ActiveCfg = Debug|Any CPU
		{C2D17EEB-4AFF-4F8A-8AD4-935A492BE276}.Debug|Any CPU.Build.0 = Debug|Any CPU
		{C2D17EEB-4AFF-4F8A-8AD4-935A492BE276}.Release|Any CPU.ActiveCfg = Release|Any CPU
		{C2D17EEB-4AFF-4F8A-8AD4-935A492BE276}.Release|Any CPU.Build.0 = Release|Any CPU
		{698D581D-9165-4DAF-8357-9249E585B83B}.Debug|Any CPU.ActiveCfg = Debug|Any CPU
		{698D581D-9165-4DAF-8357-9249E585B83B}.Debug|Any CPU.Build.0 = Debug|Any CPU
		{698D581D-9165-4DAF-8357-9249E585B83B}.Release|Any CPU.ActiveCfg = Release|Any CPU
		{698D581D-9165-4DAF-8357-9249E585B83B}.Release|Any CPU.Build.0 = Release|Any CPU
	EndGlobalSection
	GlobalSection(SolutionProperties) = preSolution
		HideSolutionNode = FALSE
	EndGlobalSection
	GlobalSection(ExtensibilityGlobals) = postSolution
		SolutionGuid = {B45132BF-423D-4578-A306-8EEEC38E7E37}
	EndGlobalSection
EndGlobal
