
Microsoft Visual Studio Solution File, Format Version 12.00
# Visual Studio Version 16
VisualStudioVersion = 16.0.32002.261
MinimumVisualStudioVersion = 10.0.40219.1
Project("{FAE04EC0-301F-11D3-BF4B-00C04F79EFBC}") = "SignalRChatDemo", "SignalRChatDemo\SignalRChatDemo.csproj", "{FA57EF0B-B52B-4799-AD96-3D233E8AB0C3}"
EndProject
Global
	GlobalSection(SolutionConfigurationPlatforms) = preSolution
		Debug|Any CPU = Debug|Any CPU
		Release|Any CPU = Release|Any CPU
	EndGlobalSection
	GlobalSection(ProjectConfigurationPlatforms) = postSolution
		{FA57EF0B-B52B-4799-AD96-3D233E8AB0C3}.Debug|Any CPU.ActiveCfg = Debug|Any CPU
		{FA57EF0B-B52B-4799-AD96-3D233E8AB0C3}.Debug|Any CPU.Build.0 = Debug|Any CPU
		{FA57EF0B-B52B-4799-AD96-3D233E8AB0C3}.Release|Any CPU.ActiveCfg = Release|Any CPU
		{FA57EF0B-B52B-4799-AD96-3D233E8AB0C3}.Release|Any CPU.Build.0 = Release|Any CPU
	EndGlobalSection
	GlobalSection(SolutionProperties) = preSolution
		HideSolutionNode = FALSE
	EndGlobalSection
	GlobalSection(ExtensibilityGlobals) = postSolution
		SolutionGuid = {E4F4A407-DEBB-456A-957E-FE47C6A54397}
	EndGlobalSection
EndGlobal
