
Microsoft Visual Studio Solution File, Format Version 12.00
# Visual Studio Version 16
VisualStudioVersion = 16.0.29409.12
MinimumVisualStudioVersion = 10.0.40219.1
Project("{9A19103F-16F7-4668-BE54-9A1E7A4F7556}") = "HelloEnum", "HelloEnum\HelloEnum.csproj", "{7736E42E-FCF5-4DF9-9B66-5D6A3B100D39}"
EndProject
Project("{FAE04EC0-301F-11D3-BF4B-00C04F79EFBC}") = "TimeComplexity", "TimeComplexity\TimeComplexity.csproj", "{23BBAC3B-C3FF-47A2-A200-222A81EB9581}"
EndProject
Global
	GlobalSection(SolutionConfigurationPlatforms) = preSolution
		Debug|Any CPU = Debug|Any CPU
		Release|Any CPU = Release|Any CPU
	EndGlobalSection
	GlobalSection(ProjectConfigurationPlatforms) = postSolution
		{7736E42E-FCF5-4DF9-9B66-5D6A3B100D39}.Debug|Any CPU.ActiveCfg = Debug|Any CPU
		{7736E42E-FCF5-4DF9-9B66-5D6A3B100D39}.Debug|Any CPU.Build.0 = Debug|Any CPU
		{7736E42E-FCF5-4DF9-9B66-5D6A3B100D39}.Release|Any CPU.ActiveCfg = Release|Any CPU
		{7736E42E-FCF5-4DF9-9B66-5D6A3B100D39}.Release|Any CPU.Build.0 = Release|Any CPU
		{23BBAC3B-C3FF-47A2-A200-222A81EB9581}.Debug|Any CPU.ActiveCfg = Debug|Any CPU
		{23BBAC3B-C3FF-47A2-A200-222A81EB9581}.Debug|Any CPU.Build.0 = Debug|Any CPU
		{23BBAC3B-C3FF-47A2-A200-222A81EB9581}.Release|Any CPU.ActiveCfg = Release|Any CPU
		{23BBAC3B-C3FF-47A2-A200-222A81EB9581}.Release|Any CPU.Build.0 = Release|Any CPU
	EndGlobalSection
	GlobalSection(SolutionProperties) = preSolution
		HideSolutionNode = FALSE
	EndGlobalSection
	GlobalSection(ExtensibilityGlobals) = postSolution
		SolutionGuid = {0FDD2DAB-7260-4BC9-A414-C9019848394A}
	EndGlobalSection
EndGlobal
