
Microsoft Visual Studio Solution File, Format Version 12.00
# Visual Studio Version 16
VisualStudioVersion = 16.0.29409.12
MinimumVisualStudioVersion = 10.0.40219.1
Project("{FAE04EC0-301F-11D3-BF4B-00C04F79EFBC}") = "InterviewProgram", "InterviewProgram\InterviewProgram.csproj", "{6F9614BA-D46A-48F2-9627-C2C7C78E44ED}"
EndProject
Global
	GlobalSection(SolutionConfigurationPlatforms) = preSolution
		Debug|Any CPU = Debug|Any CPU
		Release|Any CPU = Release|Any CPU
	EndGlobalSection
	GlobalSection(ProjectConfigurationPlatforms) = postSolution
		{6F9614BA-D46A-48F2-9627-C2C7C78E44ED}.Debug|Any CPU.ActiveCfg = Debug|Any CPU
		{6F9614BA-D46A-48F2-9627-C2C7C78E44ED}.Debug|Any CPU.Build.0 = Debug|Any CPU
		{6F9614BA-D46A-48F2-9627-C2C7C78E44ED}.Release|Any CPU.ActiveCfg = Release|Any CPU
		{6F9614BA-D46A-48F2-9627-C2C7C78E44ED}.Release|Any CPU.Build.0 = Release|Any CPU
	EndGlobalSection
	GlobalSection(SolutionProperties) = preSolution
		HideSolutionNode = FALSE
	EndGlobalSection
	GlobalSection(ExtensibilityGlobals) = postSolution
		SolutionGuid = {46F1DA74-345D-41D6-B9A4-3F4442D9B07A}
	EndGlobalSection
EndGlobal
