
Microsoft Visual Studio Solution File, Format Version 12.00
# Visual Studio Version 16
VisualStudioVersion = 16.0.29409.12
MinimumVisualStudioVersion = 10.0.40219.1
Project("{FAE04EC0-301F-11D3-BF4B-00C04F79EFBC}") = "CreateOperator", "CreateOperator.csproj", "{C72AF3AB-C181-4432-80A1-CE756BC0B357}"
EndProject
Project("{FAE04EC0-301F-11D3-BF4B-00C04F79EFBC}") = "BasicOperator", "..\BasicOperator\BasicOperator.csproj", "{B139EF7E-7570-47CC-90A3-F0DADE3D8B9E}"
EndProject
Project("{FAE04EC0-301F-11D3-BF4B-00C04F79EFBC}") = "ArrayAndDictionaryOperator", "..\ArrayAndDictionaryOperator\ArrayAndDictionaryOperator.csproj", "{077582CE-DD24-45FB-93D3-55656E68E4AF}"
EndProject
Project("{FAE04EC0-301F-11D3-BF4B-00C04F79EFBC}") = "DefaultOperator", "..\DefaultOperator\DefaultOperator.csproj", "{E784957E-D2DB-49D2-8F1C-0C1E1FDC397F}"
EndProject
Project("{FAE04EC0-301F-11D3-BF4B-00C04F79EFBC}") = "OperatorSample", "..\OperatorSample\OperatorSample.csproj", "{006BBB39-DD2D-49CA-973F-D5482F8804F0}"
EndProject
Project("{FAE04EC0-301F-11D3-BF4B-00C04F79EFBC}") = "DelegateSample", "..\DelegateSample\DelegateSample.csproj", "{AD04A9C9-1448-44D3-88C8-916D47A5C1E2}"
EndProject
Project("{FAE04EC0-301F-11D3-BF4B-00C04F79EFBC}") = "UnaryOperator", "..\UnaryOperator\UnaryOperator.csproj", "{C0F70920-1363-4AD9-914B-7380C944C507}"
EndProject
Project("{FAE04EC0-301F-11D3-BF4B-00C04F79EFBC}") = "ConversionExample", "..\ConversionExample\ConversionExample.csproj", "{7444D380-7671-45B4-9D1A-1D8EC2B19EBE}"
EndProject
Project("{FAE04EC0-301F-11D3-BF4B-00C04F79EFBC}") = "Convert", "..\Convert\Convert.csproj", "{7AFE0040-88C2-4904-BFFD-1C41FD9534DE}"
EndProject
Project("{FAE04EC0-301F-11D3-BF4B-00C04F79EFBC}") = "ConversionExamplePro", "..\ConversionExamplePro\ConversionExamplePro.csproj", "{8F6D28A5-BC09-4B2E-9D40-C46642E7BEC1}"
EndProject
Global
	GlobalSection(SolutionConfigurationPlatforms) = preSolution
		Debug|Any CPU = Debug|Any CPU
		Release|Any CPU = Release|Any CPU
	EndGlobalSection
	GlobalSection(ProjectConfigurationPlatforms) = postSolution
		{C72AF3AB-C181-4432-80A1-CE756BC0B357}.Debug|Any CPU.ActiveCfg = Debug|Any CPU
		{C72AF3AB-C181-4432-80A1-CE756BC0B357}.Debug|Any CPU.Build.0 = Debug|Any CPU
		{C72AF3AB-C181-4432-80A1-CE756BC0B357}.Release|Any CPU.ActiveCfg = Release|Any CPU
		{C72AF3AB-C181-4432-80A1-CE756BC0B357}.Release|Any CPU.Build.0 = Release|Any CPU
		{B139EF7E-7570-47CC-90A3-F0DADE3D8B9E}.Debug|Any CPU.ActiveCfg = Debug|Any CPU
		{B139EF7E-7570-47CC-90A3-F0DADE3D8B9E}.Debug|Any CPU.Build.0 = Debug|Any CPU
		{B139EF7E-7570-47CC-90A3-F0DADE3D8B9E}.Release|Any CPU.ActiveCfg = Release|Any CPU
		{B139EF7E-7570-47CC-90A3-F0DADE3D8B9E}.Release|Any CPU.Build.0 = Release|Any CPU
		{077582CE-DD24-45FB-93D3-55656E68E4AF}.Debug|Any CPU.ActiveCfg = Debug|Any CPU
		{077582CE-DD24-45FB-93D3-55656E68E4AF}.Debug|Any CPU.Build.0 = Debug|Any CPU
		{077582CE-DD24-45FB-93D3-55656E68E4AF}.Release|Any CPU.ActiveCfg = Release|Any CPU
		{077582CE-DD24-45FB-93D3-55656E68E4AF}.Release|Any CPU.Build.0 = Release|Any CPU
		{E784957E-D2DB-49D2-8F1C-0C1E1FDC397F}.Debug|Any CPU.ActiveCfg = Debug|Any CPU
		{E784957E-D2DB-49D2-8F1C-0C1E1FDC397F}.Debug|Any CPU.Build.0 = Debug|Any CPU
		{E784957E-D2DB-49D2-8F1C-0C1E1FDC397F}.Release|Any CPU.ActiveCfg = Release|Any CPU
		{E784957E-D2DB-49D2-8F1C-0C1E1FDC397F}.Release|Any CPU.Build.0 = Release|Any CPU
		{006BBB39-DD2D-49CA-973F-D5482F8804F0}.Debug|Any CPU.ActiveCfg = Debug|Any CPU
		{006BBB39-DD2D-49CA-973F-D5482F8804F0}.Debug|Any CPU.Build.0 = Debug|Any CPU
		{006BBB39-DD2D-49CA-973F-D5482F8804F0}.Release|Any CPU.ActiveCfg = Release|Any CPU
		{006BBB39-DD2D-49CA-973F-D5482F8804F0}.Release|Any CPU.Build.0 = Release|Any CPU
		{AD04A9C9-1448-44D3-88C8-916D47A5C1E2}.Debug|Any CPU.ActiveCfg = Debug|Any CPU
		{AD04A9C9-1448-44D3-88C8-916D47A5C1E2}.Debug|Any CPU.Build.0 = Debug|Any CPU
		{AD04A9C9-1448-44D3-88C8-916D47A5C1E2}.Release|Any CPU.ActiveCfg = Release|Any CPU
		{AD04A9C9-1448-44D3-88C8-916D47A5C1E2}.Release|Any CPU.Build.0 = Release|Any CPU
		{C0F70920-1363-4AD9-914B-7380C944C507}.Debug|Any CPU.ActiveCfg = Debug|Any CPU
		{C0F70920-1363-4AD9-914B-7380C944C507}.Debug|Any CPU.Build.0 = Debug|Any CPU
		{C0F70920-1363-4AD9-914B-7380C944C507}.Release|Any CPU.ActiveCfg = Release|Any CPU
		{C0F70920-1363-4AD9-914B-7380C944C507}.Release|Any CPU.Build.0 = Release|Any CPU
		{7444D380-7671-45B4-9D1A-1D8EC2B19EBE}.Debug|Any CPU.ActiveCfg = Debug|Any CPU
		{7444D380-7671-45B4-9D1A-1D8EC2B19EBE}.Debug|Any CPU.Build.0 = Debug|Any CPU
		{7444D380-7671-45B4-9D1A-1D8EC2B19EBE}.Release|Any CPU.ActiveCfg = Release|Any CPU
		{7444D380-7671-45B4-9D1A-1D8EC2B19EBE}.Release|Any CPU.Build.0 = Release|Any CPU
		{7AFE0040-88C2-4904-BFFD-1C41FD9534DE}.Debug|Any CPU.ActiveCfg = Debug|Any CPU
		{7AFE0040-88C2-4904-BFFD-1C41FD9534DE}.Debug|Any CPU.Build.0 = Debug|Any CPU
		{7AFE0040-88C2-4904-BFFD-1C41FD9534DE}.Release|Any CPU.ActiveCfg = Release|Any CPU
		{7AFE0040-88C2-4904-BFFD-1C41FD9534DE}.Release|Any CPU.Build.0 = Release|Any CPU
		{8F6D28A5-BC09-4B2E-9D40-C46642E7BEC1}.Debug|Any CPU.ActiveCfg = Debug|Any CPU
		{8F6D28A5-BC09-4B2E-9D40-C46642E7BEC1}.Debug|Any CPU.Build.0 = Debug|Any CPU
		{8F6D28A5-BC09-4B2E-9D40-C46642E7BEC1}.Release|Any CPU.ActiveCfg = Release|Any CPU
		{8F6D28A5-BC09-4B2E-9D40-C46642E7BEC1}.Release|Any CPU.Build.0 = Release|Any CPU
	EndGlobalSection
	GlobalSection(SolutionProperties) = preSolution
		HideSolutionNode = FALSE
	EndGlobalSection
	GlobalSection(ExtensibilityGlobals) = postSolution
		SolutionGuid = {F6DD5D5B-91B3-40F8-AC4E-798CC7E9A437}
	EndGlobalSection
EndGlobal
