
Microsoft Visual Studio Solution File, Format Version 12.00
# Visual Studio Version 16
VisualStudioVersion = 16.0.29409.12
MinimumVisualStudioVersion = 10.0.40219.1
Project("{9A19103F-16F7-4668-BE54-9A1E7A4F7556}") = "CSharpSenior", "CSharpSenior.csproj", "{A235F8F1-2AB8-4A64-A6B9-286945B06A06}"
EndProject
Project("{2150E333-8FDC-42A3-9474-1A3956D46DE8}") = "CSharpSeniorFolder", "CSharpSeniorFolder", "{5E380617-10B8-4D05-9250-4CDE623D6B7A}"
EndProject
Project("{FAE04EC0-301F-11D3-BF4B-00C04F79EFBC}") = "_01委托案例_窗体之间传值", "ITCast.NETOtherProject\_01委托案例_窗体之间传值\_01委托案例_窗体之间传值.csproj", "{6AE40549-4F14-4BD7-BFD3-8E9A38C1CB83}"
EndProject
Project("{2150E333-8FDC-42A3-9474-1A3956D46DE8}") = "ITCast.NETOtherProject", "ITCast.NETOtherProject", "{D370D1C2-9071-4B45-964B-B9EB2396CCF7}"
EndProject
Project("{FAE04EC0-301F-11D3-BF4B-00C04F79EFBC}") = "事件", "ITCast.NETOtherProject\事件\事件.csproj", "{D86D9806-051C-45F4-921A-215526901100}"
EndProject
Project("{FAE04EC0-301F-11D3-BF4B-00C04F79EFBC}") = "事件案例", "ITCast.NETOtherProject\事件案例\事件案例.csproj", "{D8EC69AE-2C9B-42F3-B118-6A98216311DA}"
EndProject
Global
	GlobalSection(SolutionConfigurationPlatforms) = preSolution
		Debug|Any CPU = Debug|Any CPU
		Debug|x64 = Debug|x64
		Release|Any CPU = Release|Any CPU
		Release|x64 = Release|x64
	EndGlobalSection
	GlobalSection(ProjectConfigurationPlatforms) = postSolution
		{A235F8F1-2AB8-4A64-A6B9-286945B06A06}.Debug|Any CPU.ActiveCfg = Debug|Any CPU
		{A235F8F1-2AB8-4A64-A6B9-286945B06A06}.Debug|Any CPU.Build.0 = Debug|Any CPU
		{A235F8F1-2AB8-4A64-A6B9-286945B06A06}.Debug|x64.ActiveCfg = Debug|x64
		{A235F8F1-2AB8-4A64-A6B9-286945B06A06}.Debug|x64.Build.0 = Debug|x64
		{A235F8F1-2AB8-4A64-A6B9-286945B06A06}.Release|Any CPU.ActiveCfg = Release|Any CPU
		{A235F8F1-2AB8-4A64-A6B9-286945B06A06}.Release|Any CPU.Build.0 = Release|Any CPU
		{A235F8F1-2AB8-4A64-A6B9-286945B06A06}.Release|x64.ActiveCfg = Release|x64
		{A235F8F1-2AB8-4A64-A6B9-286945B06A06}.Release|x64.Build.0 = Release|x64
		{6AE40549-4F14-4BD7-BFD3-8E9A38C1CB83}.Debug|Any CPU.ActiveCfg = Debug|Any CPU
		{6AE40549-4F14-4BD7-BFD3-8E9A38C1CB83}.Debug|Any CPU.Build.0 = Debug|Any CPU
		{6AE40549-4F14-4BD7-BFD3-8E9A38C1CB83}.Debug|x64.ActiveCfg = Debug|x64
		{6AE40549-4F14-4BD7-BFD3-8E9A38C1CB83}.Debug|x64.Build.0 = Debug|x64
		{6AE40549-4F14-4BD7-BFD3-8E9A38C1CB83}.Release|Any CPU.ActiveCfg = Release|Any CPU
		{6AE40549-4F14-4BD7-BFD3-8E9A38C1CB83}.Release|Any CPU.Build.0 = Release|Any CPU
		{6AE40549-4F14-4BD7-BFD3-8E9A38C1CB83}.Release|x64.ActiveCfg = Release|x64
		{6AE40549-4F14-4BD7-BFD3-8E9A38C1CB83}.Release|x64.Build.0 = Release|x64
		{D86D9806-051C-45F4-921A-215526901100}.Debug|Any CPU.ActiveCfg = Debug|Any CPU
		{D86D9806-051C-45F4-921A-215526901100}.Debug|Any CPU.Build.0 = Debug|Any CPU
		{D86D9806-051C-45F4-921A-215526901100}.Debug|x64.ActiveCfg = Debug|x64
		{D86D9806-051C-45F4-921A-215526901100}.Debug|x64.Build.0 = Debug|x64
		{D86D9806-051C-45F4-921A-215526901100}.Release|Any CPU.ActiveCfg = Release|Any CPU
		{D86D9806-051C-45F4-921A-215526901100}.Release|Any CPU.Build.0 = Release|Any CPU
		{D86D9806-051C-45F4-921A-215526901100}.Release|x64.ActiveCfg = Release|x64
		{D86D9806-051C-45F4-921A-215526901100}.Release|x64.Build.0 = Release|x64
		{D8EC69AE-2C9B-42F3-B118-6A98216311DA}.Debug|Any CPU.ActiveCfg = Debug|Any CPU
		{D8EC69AE-2C9B-42F3-B118-6A98216311DA}.Debug|Any CPU.Build.0 = Debug|Any CPU
		{D8EC69AE-2C9B-42F3-B118-6A98216311DA}.Debug|x64.ActiveCfg = Debug|x64
		{D8EC69AE-2C9B-42F3-B118-6A98216311DA}.Debug|x64.Build.0 = Debug|x64
		{D8EC69AE-2C9B-42F3-B118-6A98216311DA}.Release|Any CPU.ActiveCfg = Release|Any CPU
		{D8EC69AE-2C9B-42F3-B118-6A98216311DA}.Release|Any CPU.Build.0 = Release|Any CPU
		{D8EC69AE-2C9B-42F3-B118-6A98216311DA}.Release|x64.ActiveCfg = Release|x64
		{D8EC69AE-2C9B-42F3-B118-6A98216311DA}.Release|x64.Build.0 = Release|x64
	EndGlobalSection
	GlobalSection(SolutionProperties) = preSolution
		HideSolutionNode = FALSE
	EndGlobalSection
	GlobalSection(NestedProjects) = preSolution
		{A235F8F1-2AB8-4A64-A6B9-286945B06A06} = {5E380617-10B8-4D05-9250-4CDE623D6B7A}
		{6AE40549-4F14-4BD7-BFD3-8E9A38C1CB83} = {D370D1C2-9071-4B45-964B-B9EB2396CCF7}
		{D86D9806-051C-45F4-921A-215526901100} = {D370D1C2-9071-4B45-964B-B9EB2396CCF7}
		{D8EC69AE-2C9B-42F3-B118-6A98216311DA} = {D370D1C2-9071-4B45-964B-B9EB2396CCF7}
	EndGlobalSection
	GlobalSection(ExtensibilityGlobals) = postSolution
		SolutionGuid = {16657748-1453-4930-A8E9-0D33E9158F4A}
	EndGlobalSection
EndGlobal
