
Microsoft Visual Studio Solution File, Format Version 12.00
# Visual Studio Version 16
VisualStudioVersion = 16.0.29409.12
MinimumVisualStudioVersion = 10.0.40219.1
Project("{FAE04EC0-301F-11D3-BF4B-00C04F79EFBC}") = "HelloDotnetCoreThree", "HelloDotnetCoreThree.csproj", "{EAFA9296-EE65-42C4-856F-466F4EDDEA74}"
EndProject
Global
	GlobalSection(SolutionConfigurationPlatforms) = preSolution
		Debug|Any CPU = Debug|Any CPU
		Release|Any CPU = Release|Any CPU
	EndGlobalSection
	GlobalSection(ProjectConfigurationPlatforms) = postSolution
		{EAFA9296-EE65-42C4-856F-466F4EDDEA74}.Debug|Any CPU.ActiveCfg = Debug|Any CPU
		{EAFA9296-EE65-42C4-856F-466F4EDDEA74}.Debug|Any CPU.Build.0 = Debug|Any CPU
		{EAFA9296-EE65-42C4-856F-466F4EDDEA74}.Release|Any CPU.ActiveCfg = Release|Any CPU
		{EAFA9296-EE65-42C4-856F-466F4EDDEA74}.Release|Any CPU.Build.0 = Release|Any CPU
	EndGlobalSection
	GlobalSection(SolutionProperties) = preSolution
		HideSolutionNode = FALSE
	EndGlobalSection
	GlobalSection(ExtensibilityGlobals) = postSolution
		SolutionGuid = {D368465C-531C-419F-B8C6-12356AA2B5B0}
	EndGlobalSection
EndGlobal
