
Microsoft Visual Studio Solution File, Format Version 12.00
# Visual Studio Version 16
VisualStudioVersion = 16.0.29409.12
MinimumVisualStudioVersion = 10.0.40219.1
Project("{9A19103F-16F7-4668-BE54-9A1E7A4F7556}") = "BabyStroller.App", "BabyStroller.App.csproj", "{855F0CE6-9191-454D-B4FE-FEE3684A4E8B}"
EndProject
Project("{FAE04EC0-301F-11D3-BF4B-00C04F79EFBC}") = "BabyStroller.SDK", "..\BabyStroller.SDK\BabyStroller.SDK.csproj", "{43A94F6B-EF8B-48A2-A4AE-A9CC5F8F65C1}"
EndProject
Global
	GlobalSection(SolutionConfigurationPlatforms) = preSolution
		Debug|Any CPU = Debug|Any CPU
		Release|Any CPU = Release|Any CPU
	EndGlobalSection
	GlobalSection(ProjectConfigurationPlatforms) = postSolution
		{855F0CE6-9191-454D-B4FE-FEE3684A4E8B}.Debug|Any CPU.ActiveCfg = Debug|Any CPU
		{855F0CE6-9191-454D-B4FE-FEE3684A4E8B}.Debug|Any CPU.Build.0 = Debug|Any CPU
		{855F0CE6-9191-454D-B4FE-FEE3684A4E8B}.Release|Any CPU.ActiveCfg = Release|Any CPU
		{855F0CE6-9191-454D-B4FE-FEE3684A4E8B}.Release|Any CPU.Build.0 = Release|Any CPU
		{43A94F6B-EF8B-48A2-A4AE-A9CC5F8F65C1}.Debug|Any CPU.ActiveCfg = Debug|Any CPU
		{43A94F6B-EF8B-48A2-A4AE-A9CC5F8F65C1}.Debug|Any CPU.Build.0 = Debug|Any CPU
		{43A94F6B-EF8B-48A2-A4AE-A9CC5F8F65C1}.Release|Any CPU.ActiveCfg = Release|Any CPU
		{43A94F6B-EF8B-48A2-A4AE-A9CC5F8F65C1}.Release|Any CPU.Build.0 = Release|Any CPU
	EndGlobalSection
	GlobalSection(SolutionProperties) = preSolution
		HideSolutionNode = FALSE
	EndGlobalSection
	GlobalSection(ExtensibilityGlobals) = postSolution
		SolutionGuid = {3263717A-FEE2-4029-9E0A-18E5B8B9149F}
	EndGlobalSection
EndGlobal
