
Microsoft Visual Studio Solution File, Format Version 12.00
# Visual Studio Version 17
VisualStudioVersion = 17.2.32602.215
MinimumVisualStudioVersion = 10.0.40219.1
Project("{9A19103F-16F7-4668-BE54-9A1E7A4F7556}") = "DailyTest", "DailyTest\DailyTest.csproj", "{AABB9129-2EE1-4316-B3A3-7C2EA85A3F56}"
EndProject
Project("{9A19103F-16F7-4668-BE54-9A1E7A4F7556}") = "aspnetcoreCancellationToken", "aspnetcoreCancellationToken\aspnetcoreCancellationToken.csproj", "{2787E3EA-1BDE-4EF8-A1FA-30073DEB46C6}"
EndProject
Project("{9A19103F-16F7-4668-BE54-9A1E7A4F7556}") = "ConsoleAppMailSenderSample", "ConsoleAppMailSenderSample\ConsoleAppMailSenderSample.csproj", "{49D5C154-FF12-4A50-825E-3173B14D3C9E}"
EndProject
Project("{9A19103F-16F7-4668-BE54-9A1E7A4F7556}") = "EFCoreConsoleDemo", "EFCoreConsoleDemo\EFCoreConsoleDemo.csproj", "{131F7086-683F-44FC-926C-00F14619B32C}"
EndProject
Project("{9A19103F-16F7-4668-BE54-9A1E7A4F7556}") = "ASP.NETCoreWebAPIDemo", "ASP.NETCoreWebAPIDemo\ASP.NETCoreWebAPIDemo.csproj", "{F679D5C0-CAFF-4A8C-B26E-0F3591730642}"
EndProject
Project("{9A19103F-16F7-4668-BE54-9A1E7A4F7556}") = "EntityFrameworkCoreModel", "EntityFrameworkCoreModel\EntityFrameworkCoreModel.csproj", "{A766447E-FFF9-4706-A136-145DC7B5F381}"
EndProject
Project("{9A19103F-16F7-4668-BE54-9A1E7A4F7556}") = "MiddleWareDemo", "MiddleWareDemo\MiddleWareDemo.csproj", "{953F2FBE-F9A9-459B-8299-E104139BA8EF}"
EndProject
Project("{9A19103F-16F7-4668-BE54-9A1E7A4F7556}") = "IdentitySeverDemo", "IdentitySeverDemo\IdentitySeverDemo.csproj", "{C2F79653-7A16-4269-B27C-314234FBB0B8}"
EndProject
Project("{FAE04EC0-301F-11D3-BF4B-00C04F79EFBC}") = "SignalRDemo", "SignalRDemo\SignalRDemo.csproj", "{7AD17B45-ADC5-4751-B72A-2BF56017DDF4}"
EndProject
Global
	GlobalSection(SolutionConfigurationPlatforms) = preSolution
		Debug|Any CPU = Debug|Any CPU
		Release|Any CPU = Release|Any CPU
	EndGlobalSection
	GlobalSection(ProjectConfigurationPlatforms) = postSolution
		{AABB9129-2EE1-4316-B3A3-7C2EA85A3F56}.Debug|Any CPU.ActiveCfg = Debug|Any CPU
		{AABB9129-2EE1-4316-B3A3-7C2EA85A3F56}.Debug|Any CPU.Build.0 = Debug|Any CPU
		{AABB9129-2EE1-4316-B3A3-7C2EA85A3F56}.Release|Any CPU.ActiveCfg = Release|Any CPU
		{AABB9129-2EE1-4316-B3A3-7C2EA85A3F56}.Release|Any CPU.Build.0 = Release|Any CPU
		{2787E3EA-1BDE-4EF8-A1FA-30073DEB46C6}.Debug|Any CPU.ActiveCfg = Debug|Any CPU
		{2787E3EA-1BDE-4EF8-A1FA-30073DEB46C6}.Debug|Any CPU.Build.0 = Debug|Any CPU
		{2787E3EA-1BDE-4EF8-A1FA-30073DEB46C6}.Release|Any CPU.ActiveCfg = Release|Any CPU
		{2787E3EA-1BDE-4EF8-A1FA-30073DEB46C6}.Release|Any CPU.Build.0 = Release|Any CPU
		{49D5C154-FF12-4A50-825E-3173B14D3C9E}.Debug|Any CPU.ActiveCfg = Debug|Any CPU
		{49D5C154-FF12-4A50-825E-3173B14D3C9E}.Debug|Any CPU.Build.0 = Debug|Any CPU
		{49D5C154-FF12-4A50-825E-3173B14D3C9E}.Release|Any CPU.ActiveCfg = Release|Any CPU
		{49D5C154-FF12-4A50-825E-3173B14D3C9E}.Release|Any CPU.Build.0 = Release|Any CPU
		{131F7086-683F-44FC-926C-00F14619B32C}.Debug|Any CPU.ActiveCfg = Debug|Any CPU
		{131F7086-683F-44FC-926C-00F14619B32C}.Debug|Any CPU.Build.0 = Debug|Any CPU
		{131F7086-683F-44FC-926C-00F14619B32C}.Release|Any CPU.ActiveCfg = Release|Any CPU
		{131F7086-683F-44FC-926C-00F14619B32C}.Release|Any CPU.Build.0 = Release|Any CPU
		{F679D5C0-CAFF-4A8C-B26E-0F3591730642}.Debug|Any CPU.ActiveCfg = Debug|Any CPU
		{F679D5C0-CAFF-4A8C-B26E-0F3591730642}.Debug|Any CPU.Build.0 = Debug|Any CPU
		{F679D5C0-CAFF-4A8C-B26E-0F3591730642}.Release|Any CPU.ActiveCfg = Release|Any CPU
		{F679D5C0-CAFF-4A8C-B26E-0F3591730642}.Release|Any CPU.Build.0 = Release|Any CPU
		{A766447E-FFF9-4706-A136-145DC7B5F381}.Debug|Any CPU.ActiveCfg = Debug|Any CPU
		{A766447E-FFF9-4706-A136-145DC7B5F381}.Debug|Any CPU.Build.0 = Debug|Any CPU
		{A766447E-FFF9-4706-A136-145DC7B5F381}.Release|Any CPU.ActiveCfg = Release|Any CPU
		{A766447E-FFF9-4706-A136-145DC7B5F381}.Release|Any CPU.Build.0 = Release|Any CPU
		{953F2FBE-F9A9-459B-8299-E104139BA8EF}.Debug|Any CPU.ActiveCfg = Debug|Any CPU
		{953F2FBE-F9A9-459B-8299-E104139BA8EF}.Debug|Any CPU.Build.0 = Debug|Any CPU
		{953F2FBE-F9A9-459B-8299-E104139BA8EF}.Release|Any CPU.ActiveCfg = Release|Any CPU
		{953F2FBE-F9A9-459B-8299-E104139BA8EF}.Release|Any CPU.Build.0 = Release|Any CPU
		{C2F79653-7A16-4269-B27C-314234FBB0B8}.Debug|Any CPU.ActiveCfg = Debug|Any CPU
		{C2F79653-7A16-4269-B27C-314234FBB0B8}.Debug|Any CPU.Build.0 = Debug|Any CPU
		{C2F79653-7A16-4269-B27C-314234FBB0B8}.Release|Any CPU.ActiveCfg = Release|Any CPU
		{C2F79653-7A16-4269-B27C-314234FBB0B8}.Release|Any CPU.Build.0 = Release|Any CPU
		{7AD17B45-ADC5-4751-B72A-2BF56017DDF4}.Debug|Any CPU.ActiveCfg = Debug|Any CPU
		{7AD17B45-ADC5-4751-B72A-2BF56017DDF4}.Debug|Any CPU.Build.0 = Debug|Any CPU
		{7AD17B45-ADC5-4751-B72A-2BF56017DDF4}.Release|Any CPU.ActiveCfg = Release|Any CPU
		{7AD17B45-ADC5-4751-B72A-2BF56017DDF4}.Release|Any CPU.Build.0 = Release|Any CPU
	EndGlobalSection
	GlobalSection(SolutionProperties) = preSolution
		HideSolutionNode = FALSE
	EndGlobalSection
	GlobalSection(ExtensibilityGlobals) = postSolution
		SolutionGuid = {0D81D988-ECEF-439F-92F3-4F42FCC73DAE}
	EndGlobalSection
EndGlobal
