
Microsoft Visual Studio Solution File, Format Version 12.00
# Visual Studio Version 17
VisualStudioVersion = 17.2.32505.173
MinimumVisualStudioVersion = 10.0.40219.1
Project("{9A19103F-16F7-4668-BE54-9A1E7A4F7556}") = "ConsoleApp1", "ConsoleApp1\ConsoleApp1.csproj", "{0A8FF228-3D21-4E1A-ABCD-880716B61053}"
EndProject
Project("{FAE04EC0-301F-11D3-BF4B-00C04F79EFBC}") = "MySourceGenerator", "MySourceGenerator\MySourceGenerator.csproj", "{F07930D0-0B33-4452-9605-091313D36210}"
EndProject
Global
	GlobalSection(SolutionConfigurationPlatforms) = preSolution
		Debug|Any CPU = Debug|Any CPU
		Release|Any CPU = Release|Any CPU
	EndGlobalSection
	GlobalSection(ProjectConfigurationPlatforms) = postSolution
		{0A8FF228-3D21-4E1A-ABCD-880716B61053}.Debug|Any CPU.ActiveCfg = Debug|Any CPU
		{0A8FF228-3D21-4E1A-ABCD-880716B61053}.Debug|Any CPU.Build.0 = Debug|Any CPU
		{0A8FF228-3D21-4E1A-ABCD-880716B61053}.Release|Any CPU.ActiveCfg = Release|Any CPU
		{0A8FF228-3D21-4E1A-ABCD-880716B61053}.Release|Any CPU.Build.0 = Release|Any CPU
		{F07930D0-0B33-4452-9605-091313D36210}.Debug|Any CPU.ActiveCfg = Debug|Any CPU
		{F07930D0-0B33-4452-9605-091313D36210}.Debug|Any CPU.Build.0 = Debug|Any CPU
		{F07930D0-0B33-4452-9605-091313D36210}.Release|Any CPU.ActiveCfg = Release|Any CPU
		{F07930D0-0B33-4452-9605-091313D36210}.Release|Any CPU.Build.0 = Release|Any CPU
	EndGlobalSection
	GlobalSection(SolutionProperties) = preSolution
		HideSolutionNode = FALSE
	EndGlobalSection
	GlobalSection(ExtensibilityGlobals) = postSolution
		SolutionGuid = {8F1A4BF5-C589-4CFD-AF48-9E1192A7D3FC}
	EndGlobalSection
EndGlobal
