
Microsoft Visual Studio Solution File, Format Version 12.00
# Visual Studio Version 16
VisualStudioVersion = 16.0.29409.12
MinimumVisualStudioVersion = 10.0.40219.1
Project("{FAE04EC0-301F-11D3-BF4B-00C04F79EFBC}") = "ArcFace2Demo", "ArcFace2Demo.csproj", "{A1D58B7A-0C30-459F-B963-DFD0B1F0E884}"
EndProject
Global
	GlobalSection(SolutionConfigurationPlatforms) = preSolution
		Debug|Any CPU = Debug|Any CPU
		Release|Any CPU = Release|Any CPU
	EndGlobalSection
	GlobalSection(ProjectConfigurationPlatforms) = postSolution
		{A1D58B7A-0C30-459F-B963-DFD0B1F0E884}.Debug|Any CPU.ActiveCfg = Debug|Any CPU
		{A1D58B7A-0C30-459F-B963-DFD0B1F0E884}.Debug|Any CPU.Build.0 = Debug|Any CPU
		{A1D58B7A-0C30-459F-B963-DFD0B1F0E884}.Release|Any CPU.ActiveCfg = Release|Any CPU
		{A1D58B7A-0C30-459F-B963-DFD0B1F0E884}.Release|Any CPU.Build.0 = Release|Any CPU
	EndGlobalSection
	GlobalSection(SolutionProperties) = preSolution
		HideSolutionNode = FALSE
	EndGlobalSection
	GlobalSection(ExtensibilityGlobals) = postSolution
		SolutionGuid = {C10D0725-5683-4B65-9422-A3F6ED37C275}
	EndGlobalSection
EndGlobal
